<?xml version="1.0" encoding="utf-8"?>
<Project ToolsVersion="4.0" xmlns="http://schemas.microsoft.com/developer/msbuild/2003">
  <ItemGroup>
    <Filter Include="소스 파일">
      <UniqueIdentifier>{4FC737F1-C7A5-4376-A066-2A32D752A2FF}</UniqueIdentifier>
      <Extensions>cpp;c;cc;cxx;c++;cppm;ixx;def;odl;idl;hpj;bat;asm;asmx</Extensions>
    </Filter>
    <Filter Include="헤더 파일">
      <UniqueIdentifier>{93995380-89BD-4b04-88EB-625FBE52EBFB}</UniqueIdentifier>
      <Extensions>h;hh;hpp;hxx;h++;hm;inl;inc;ipp;xsd</Extensions>
    </Filter>
    <Filter Include="리소스 파일">
      <UniqueIdentifier>{67DA6AB6-F800-4c08-8B7A-83BB121AAD01}</UniqueIdentifier>
      <Extensions>rc;ico;cur;bmp;dlg;rc2;rct;bin;rgs;gif;jpg;jpeg;jpe;resx;tiff;tif;png;wav;mfcribbon-ms</Extensions>
    </Filter>
    <Filter Include="동물시리즈">
      <UniqueIdentifier>{247e30e6-c478-4311-8151-83644c098f52}</UniqueIdentifier>
    </Filter>
    <Filter Include="모양">
      <UniqueIdentifier>{83be5938-1bab-4e91-8c87-bc74baf08421}</UniqueIdentifier>
    </Filter>
    <Filter Include="미로관련">
      <UniqueIdentifier>{a7ad77de-781b-4579-a503-ffb0936d1eb9}</UniqueIdentifier>
    </Filter>
    <Filter Include="자료구조">
      <UniqueIdentifier>{984d4a3f-3b4d-4f1e-a325-74cbaf556367}</UniqueIdentifier>
    </Filter>
  </ItemGroup>
  <ItemGroup>
    <ClCompile Include="0902.cpp">
      <Filter>소스 파일</Filter>
    </ClCompile>
    <ClCompile Include="TestMath.cpp">
      <Filter>소스 파일</Filter>
    </ClCompile>
    <ClCompile Include="Practice0905.cpp">
      <Filter>소스 파일</Filter>
    </ClCompile>
    <ClCompile Include="Practice0908.cpp">
      <Filter>소스 파일</Filter>
    </ClCompile>
    <ClCompile Include="Practice0909.cpp">
      <Filter>소스 파일</Filter>
    </ClCompile>
    <ClCompile Include="Practice0910.cpp">
      <Filter>소스 파일</Filter>
    </ClCompile>
    <ClCompile Include="Practice0911.cpp">
      <Filter>소스 파일</Filter>
    </ClCompile>
    <ClCompile Include="Practice0912.cpp">
      <Filter>소스 파일</Filter>
    </ClCompile>
    <ClCompile Include="Practice0913.cpp">
      <Filter>소스 파일</Filter>
    </ClCompile>
    <ClCompile Include="BlackJack.cpp">
      <Filter>소스 파일</Filter>
    </ClCompile>
    <ClCompile Include="Position.cpp">
      <Filter>소스 파일</Filter>
    </ClCompile>
    <ClCompile Include="Day0916.cpp">
      <Filter>소스 파일</Filter>
    </ClCompile>
    <ClCompile Include="Car.cpp">
      <Filter>소스 파일</Filter>
    </ClCompile>
    <ClCompile Include="Animal.cpp">
      <Filter>동물시리즈</Filter>
    </ClCompile>
    <ClCompile Include="Tiger.cpp">
      <Filter>동물시리즈</Filter>
    </ClCompile>
    <ClCompile Include="Bird.cpp">
      <Filter>동물시리즈</Filter>
    </ClCompile>
    <ClCompile Include="Cat.cpp">
      <Filter>동물시리즈</Filter>
    </ClCompile>
    <ClCompile Include="Monster.cpp">
      <Filter>미로관련</Filter>
    </ClCompile>
    <ClCompile Include="Zombie.cpp">
      <Filter>미로관련</Filter>
    </ClCompile>
    <ClCompile Include="Skeleton.cpp">
      <Filter>미로관련</Filter>
    </ClCompile>
    <ClCompile Include="Goblin.cpp">
      <Filter>미로관련</Filter>
    </ClCompile>
    <ClCompile Include="Day0917.cpp">
      <Filter>소스 파일</Filter>
    </ClCompile>
    <ClCompile Include="Hawk.cpp">
      <Filter>동물시리즈</Filter>
    </ClCompile>
    <ClCompile Include="Shape.cpp">
      <Filter>모양</Filter>
    </ClCompile>
    <ClCompile Include="Oak.cpp">
      <Filter>미로관련</Filter>
    </ClCompile>
    <ClCompile Include="Actor.cpp">
      <Filter>미로관련</Filter>
    </ClCompile>
    <ClCompile Include="Player.cpp">
      <Filter>미로관련</Filter>
    </ClCompile>
    <ClCompile Include="Day0918.cpp">
      <Filter>소스 파일</Filter>
    </ClCompile>
    <ClCompile Include="LinkedList.cpp">
      <Filter>자료구조</Filter>
    </ClCompile>
    <ClCompile Include="DLinkedList.cpp">
      <Filter>자료구조</Filter>
    </ClCompile>
    <ClCompile Include="FixedStack.cpp">
      <Filter>자료구조</Filter>
    </ClCompile>
    <ClCompile Include="Day0919.cpp">
      <Filter>소스 파일</Filter>
    </ClCompile>
    <ClCompile Include="CircularQueue.cpp">
      <Filter>자료구조</Filter>
    </ClCompile>
    <ClCompile Include="CircularQueue2.cpp">
      <Filter>자료구조</Filter>
    </ClCompile>
    <ClCompile Include="BinarySearchTree.cpp">
      <Filter>자료구조</Filter>
    </ClCompile>
    <ClCompile Include="Day0922.cpp">
      <Filter>소스 파일</Filter>
    </ClCompile>
    <ClCompile Include="BinarySearchTree2.cpp">
      <Filter>자료구조</Filter>
    </ClCompile>
    <ClCompile Include="Day0923.cpp">
      <Filter>소스 파일</Filter>
    </ClCompile>
    <ClCompile Include="Calculator.cpp">
      <Filter>소스 파일</Filter>
    </ClCompile>
  </ItemGroup>
  <ItemGroup>
    <ClInclude Include="header.h">
      <Filter>헤더 파일</Filter>
    </ClInclude>
    <ClInclude Include="TestMath.h">
      <Filter>헤더 파일</Filter>
    </ClInclude>
    <ClInclude Include="Practice0905.h">
      <Filter>헤더 파일</Filter>
    </ClInclude>
    <ClInclude Include="Practice0908.h">
      <Filter>헤더 파일</Filter>
    </ClInclude>
    <ClInclude Include="Practice0909.h">
      <Filter>헤더 파일</Filter>
    </ClInclude>
    <ClInclude Include="Practice0910.h">
      <Filter>헤더 파일</Filter>
    </ClInclude>
    <ClInclude Include="Practice0911.h">
      <Filter>헤더 파일</Filter>
    </ClInclude>
    <ClInclude Include="Practice0912.h">
      <Filter>헤더 파일</Filter>
    </ClInclude>
    <ClInclude Include="Practice0913.h">
      <Filter>헤더 파일</Filter>
    </ClInclude>
    <ClInclude Include="Position.h">
      <Filter>헤더 파일</Filter>
    </ClInclude>
    <ClInclude Include="BlackJack.h">
      <Filter>헤더 파일</Filter>
    </ClInclude>
    <ClInclude Include="Day0916.h">
      <Filter>헤더 파일</Filter>
    </ClInclude>
    <ClInclude Include="Car.h">
      <Filter>헤더 파일</Filter>
    </ClInclude>
    <ClInclude Include="Animal.h">
      <Filter>동물시리즈</Filter>
    </ClInclude>
    <ClInclude Include="Tiger.h">
      <Filter>동물시리즈</Filter>
    </ClInclude>
    <ClInclude Include="Cat.h">
      <Filter>동물시리즈</Filter>
    </ClInclude>
    <ClInclude Include="Bird.h">
      <Filter>동물시리즈</Filter>
    </ClInclude>
    <ClInclude Include="Monster.h">
      <Filter>미로관련</Filter>
    </ClInclude>
    <ClInclude Include="Goblin.h">
      <Filter>미로관련</Filter>
    </ClInclude>
    <ClInclude Include="Skeleton.h">
      <Filter>미로관련</Filter>
    </ClInclude>
    <ClInclude Include="Zombie.h">
      <Filter>미로관련</Filter>
    </ClInclude>
    <ClInclude Include="Day0917.h">
      <Filter>헤더 파일</Filter>
    </ClInclude>
    <ClInclude Include="Hawk.h">
      <Filter>동물시리즈</Filter>
    </ClInclude>
    <ClInclude Include="Shape.h">
      <Filter>모양</Filter>
    </ClInclude>
    <ClInclude Include="IFlyable.h">
      <Filter>동물시리즈</Filter>
    </ClInclude>
    <ClInclude Include="ISwimable.h">
      <Filter>동물시리즈</Filter>
    </ClInclude>
    <ClInclude Include="Oak.h">
      <Filter>미로관련</Filter>
    </ClInclude>
    <ClInclude Include="Player.h">
      <Filter>미로관련</Filter>
    </ClInclude>
    <ClInclude Include="Actor.h">
      <Filter>미로관련</Filter>
    </ClInclude>
    <ClInclude Include="ICanBattle.h">
      <Filter>미로관련</Filter>
    </ClInclude>
    <ClInclude Include="Day0918.h">
      <Filter>헤더 파일</Filter>
    </ClInclude>
    <ClInclude Include="LinkedList.h">
      <Filter>자료구조</Filter>
    </ClInclude>
    <ClInclude Include="DLinkedList.h">
      <Filter>자료구조</Filter>
    </ClInclude>
    <ClInclude Include="FixedStack.h">
      <Filter>자료구조</Filter>
    </ClInclude>
    <ClInclude Include="Day0919.h">
      <Filter>헤더 파일</Filter>
    </ClInclude>
    <ClInclude Include="CircularQueue.h">
      <Filter>자료구조</Filter>
    </ClInclude>
    <ClInclude Include="CircularQueue2.h">
      <Filter>자료구조</Filter>
    </ClInclude>
    <ClInclude Include="BinarySearchTree.h">
      <Filter>자료구조</Filter>
    </ClInclude>
    <ClInclude Include="Day0922.h">
      <Filter>헤더 파일</Filter>
    </ClInclude>
    <ClInclude Include="BinarySearchTree2.h">
      <Filter>자료구조</Filter>
    </ClInclude>
    <ClInclude Include="Coordinate.h">
      <Filter>헤더 파일</Filter>
    </ClInclude>
    <ClInclude Include="Day0923.h">
      <Filter>헤더 파일</Filter>
    </ClInclude>
    <ClInclude Include="Calculator.h">
      <Filter>헤더 파일</Filter>
    </ClInclude>
  </ItemGroup>
</Project>